[{<<"jsx">>,
  {git,"https://github.com/talentdeficit/jsx.git",
       {ref,"d4b6d3dc5fd9e759ff7a0c476654ea5124f5bae9"}},
  0},
 {<<"ranch">>,
  {git,"https://github.com/ninenines/ranch.git",
       {ref,"a004ad710eddd0c21aaccc30d5633a76b06164b5"}},
  0},
 {<<"yamerl">>,
  {git,"https://github.com/yakaz/yamerl.git",
       {ref,"ae810a808817d9482b4628ae3e20d746e3729fe0"}},
  0}].
